<?xml version="1.0" encoding="utf-8"?>
<Project ToolsVersion="4.0" xmlns="http://schemas.microsoft.com/developer/msbuild/2003">
  <ItemGroup>
    <Filter Include="App">
      <UniqueIdentifier>{70b19fc8-886f-4741-a109-8a298408b421}</UniqueIdentifier>
    </Filter>
    <Filter Include="GameEngine">
      <UniqueIdentifier>{cf961ae9-48b2-4215-959b-6a79de8ad7b1}</UniqueIdentifier>
    </Filter>
    <Filter Include="GameEngine\WindowingSystem">
      <UniqueIdentifier>{be27be18-ce63-4bba-9e0b-645578c24431}</UniqueIdentifier>
    </Filter>
    <Filter Include="GameEngine\GraphicsEngine">
      <UniqueIdentifier>{50443e67-d758-40f1-9a52-7c65b373d3bb}</UniqueIdentifier>
    </Filter>
    <Filter Include="GameEngine\Math">
      <UniqueIdentifier>{7b7b2c38-cc43-4d26-a523-38bd09b48cbf}</UniqueIdentifier>
    </Filter>
    <Filter Include="GameEngine\InputSystem">
      <UniqueIdentifier>{539575ca-ae03-4287-9199-fbfafcb0bc1d}</UniqueIdentifier>
    </Filter>
    <Filter Include="GameEngine\GraphicsEngine\RenderSystem">
      <UniqueIdentifier>{48d40930-0a8a-40b2-aeb0-dfdc4d949780}</UniqueIdentifier>
    </Filter>
    <Filter Include="GameEngine\GraphicsEngine\RenderSystem\PixelShader">
      <UniqueIdentifier>{3b47e225-15d5-4749-b17d-85cbeb0ee2ea}</UniqueIdentifier>
    </Filter>
    <Filter Include="GameEngine\GraphicsEngine\RenderSystem\SwapChain">
      <UniqueIdentifier>{0951f257-693a-4f18-9d1b-c459120e3648}</UniqueIdentifier>
    </Filter>
    <Filter Include="GameEngine\GraphicsEngine\RenderSystem\VertexBuffer">
      <UniqueIdentifier>{bd15e041-8617-4f69-bf7c-f8f67dbf351d}</UniqueIdentifier>
    </Filter>
    <Filter Include="GameEngine\GraphicsEngine\RenderSystem\VertexShader">
      <UniqueIdentifier>{0bc458cf-0722-4609-bf5b-51a5df6b1116}</UniqueIdentifier>
    </Filter>
    <Filter Include="GameEngine\GraphicsEngine\RenderSystem\IndexBuffer">
      <UniqueIdentifier>{5b437a93-9606-42e6-9966-ee61bafd0abf}</UniqueIdentifier>
    </Filter>
    <Filter Include="GameEngine\GraphicsEngine\RenderSystem\ConstantBuffer">
      <UniqueIdentifier>{a8f6e993-393d-4fcc-a814-74a5053a8228}</UniqueIdentifier>
    </Filter>
    <Filter Include="GameEngine\GraphicsEngine\RenderSystem\DeviceContext">
      <UniqueIdentifier>{bd779c70-5544-44d0-b749-f696f86b3504}</UniqueIdentifier>
    </Filter>
    <Filter Include="GameEngine\GraphicsEngine\Primitives">
      <UniqueIdentifier>{f540809c-322e-4a27-8fab-c61db25471f1}</UniqueIdentifier>
    </Filter>
    <Filter Include="GameEngine\GraphicsEngine\Primitives\Quad">
      <UniqueIdentifier>{8aad9299-0ac8-4412-ba30-021b67fd3195}</UniqueIdentifier>
    </Filter>
    <Filter Include="GameEngine\GraphicsEngine\ResourceManager">
      <UniqueIdentifier>{ca0fa7b0-6d39-492b-b391-4bebe00880c7}</UniqueIdentifier>
    </Filter>
    <Filter Include="GameEngine\GraphicsEngine\ResourceManager\TextureManager">
      <UniqueIdentifier>{a727a2d4-02eb-404b-a3a6-6814d713b677}</UniqueIdentifier>
    </Filter>
    <Filter Include="GameEngine\GraphicsEngine\ResourceManager\MeshManager">
      <UniqueIdentifier>{5ceeb279-a415-4d62-ac4d-7f18313f0cc2}</UniqueIdentifier>
    </Filter>
    <Filter Include="GameEngine\GraphicsEngine\CameraSystem">
      <UniqueIdentifier>{cef44371-9a31-4cc8-a409-f97068c79af9}</UniqueIdentifier>
    </Filter>
    <Filter Include="GameEngine\GraphicsEngine\RenderSystem\AlphaBlendState">
      <UniqueIdentifier>{cff076e1-ec3f-4d97-a2f2-aae49f9d6c87}</UniqueIdentifier>
    </Filter>
    <Filter Include="GameEngine\GraphicsEngine\EngineTime">
      <UniqueIdentifier>{bb865765-db7d-493e-b5f0-024a69bf0800}</UniqueIdentifier>
    </Filter>
    <Filter Include="GameEngine\GraphicsEngine\Primitives\Cube">
      <UniqueIdentifier>{c3981e5a-879e-4476-a91f-55a24ab2c5b1}</UniqueIdentifier>
    </Filter>
    <Filter Include="GameEngine\Utils">
      <UniqueIdentifier>{2dea9940-9810-47d1-ba84-230a137ff840}</UniqueIdentifier>
    </Filter>
    <Filter Include="GameEngine\Utils\MathUtils">
      <UniqueIdentifier>{84963093-1e96-4938-93be-01a74396f7a6}</UniqueIdentifier>
    </Filter>
    <Filter Include="GameEngine\Shaders">
      <UniqueIdentifier>{6d098b55-9133-4f50-b4f4-f733c8ed1180}</UniqueIdentifier>
    </Filter>
    <Filter Include="GameEngine\GraphicsEngine\Primitives\Plane">
      <UniqueIdentifier>{e87e31b5-be1c-4457-86a0-f1c7502e02ab}</UniqueIdentifier>
    </Filter>
    <Filter Include="GameEngine\ImGui">
      <UniqueIdentifier>{d265b733-aa4d-459c-8cee-0fd904944e1d}</UniqueIdentifier>
    </Filter>
    <Filter Include="GameEngine\UIManager">
      <UniqueIdentifier>{d2849aad-7a4f-4a77-8f52-66ff7a725dad}</UniqueIdentifier>
    </Filter>
    <Filter Include="GameEngine\UIManager\UIScreens">
      <UniqueIdentifier>{5facd731-a92b-4577-9717-97251db9c264}</UniqueIdentifier>
    </Filter>
    <Filter Include="GameEngine\UIManager\UIScreens\CreditsScreen">
      <UniqueIdentifier>{f277361c-f4e1-4216-97a8-2f884572b812}</UniqueIdentifier>
    </Filter>
    <Filter Include="GameEngine\UIManager\UIScreens\MenuBarScreen">
      <UniqueIdentifier>{7897bb79-6511-436c-ba95-c606715be930}</UniqueIdentifier>
    </Filter>
    <Filter Include="GameEngine\UIManager\UIScreens\ColorPickerScreen">
      <UniqueIdentifier>{7cc2c904-d60d-4b72-9409-901efcf44d38}</UniqueIdentifier>
    </Filter>
    <Filter Include="GameEngine\UIManager\UIScreens\ViewportScreen">
      <UniqueIdentifier>{34f33e56-0cc2-4dc8-9e80-8a46e9f30c45}</UniqueIdentifier>
    </Filter>
    <Filter Include="GameEngine\GraphicsEngine\RenderSystem\RenderTexture">
      <UniqueIdentifier>{c47dc435-4b90-4353-9051-977b2a9ba841}</UniqueIdentifier>
    </Filter>
    <Filter Include="GameEngine\UIManager\UIScreens\SceneHeirarchy">
      <UniqueIdentifier>{b06f2d3b-8c96-44ff-9a4e-807a32fcf3ff}</UniqueIdentifier>
    </Filter>
    <Filter Include="GameEngine\UIManager\UIScreens\LightingToggle">
      <UniqueIdentifier>{bc26ab48-aa24-4c91-ab50-bc6e852df323}</UniqueIdentifier>
    </Filter>
  </ItemGroup>
  <ItemGroup>
    <ClCompile Include="main.cpp">
      <Filter>App</Filter>
    </ClCompile>
    <ClCompile Include="AppWindow.cpp">
      <Filter>App</Filter>
    </ClCompile>
    <ClCompile Include="Window.cpp">
      <Filter>GameEngine\WindowingSystem</Filter>
    </ClCompile>
    <ClCompile Include="GraphicsEngine.cpp">
      <Filter>GameEngine\GraphicsEngine</Filter>
    </ClCompile>
    <ClCompile Include="SwapChain.cpp">
      <Filter>GameEngine\GraphicsEngine\RenderSystem\SwapChain</Filter>
    </ClCompile>
    <ClCompile Include="DeviceContext.cpp">
      <Filter>GameEngine\GraphicsEngine\RenderSystem\DeviceContext</Filter>
    </ClCompile>
    <ClCompile Include="VertexBuffer.cpp">
      <Filter>GameEngine\GraphicsEngine\RenderSystem\VertexBuffer</Filter>
    </ClCompile>
    <ClCompile Include="VertexShader.cpp">
      <Filter>GameEngine\GraphicsEngine\RenderSystem\VertexShader</Filter>
    </ClCompile>
    <ClCompile Include="PixelShader.cpp">
      <Filter>GameEngine\GraphicsEngine\RenderSystem\PixelShader</Filter>
    </ClCompile>
    <ClCompile Include="ConstantBuffer.cpp">
      <Filter>GameEngine\GraphicsEngine\RenderSystem\ConstantBuffer</Filter>
    </ClCompile>
    <ClCompile Include="IndexBuffer.cpp">
      <Filter>GameEngine\GraphicsEngine\RenderSystem\IndexBuffer</Filter>
    </ClCompile>
    <ClCompile Include="InputSystem.cpp">
      <Filter>GameEngine\InputSystem</Filter>
    </ClCompile>
    <ClCompile Include="RenderSystem.cpp">
      <Filter>GameEngine\GraphicsEngine\RenderSystem</Filter>
    </ClCompile>
    <ClCompile Include="Quad.cpp">
      <Filter>GameEngine\GraphicsEngine\Primitives\Quad</Filter>
    </ClCompile>
    <ClCompile Include="ResourceManager.cpp">
      <Filter>GameEngine\GraphicsEngine\ResourceManager</Filter>
    </ClCompile>
    <ClCompile Include="Resource.cpp">
      <Filter>GameEngine\GraphicsEngine\ResourceManager</Filter>
    </ClCompile>
    <ClCompile Include="TextureManager.cpp">
      <Filter>GameEngine\GraphicsEngine\ResourceManager\TextureManager</Filter>
    </ClCompile>
    <ClCompile Include="Texture.cpp">
      <Filter>GameEngine\GraphicsEngine\ResourceManager\TextureManager</Filter>
    </ClCompile>
    <ClCompile Include="MeshManager.cpp">
      <Filter>GameEngine\GraphicsEngine\ResourceManager\MeshManager</Filter>
    </ClCompile>
    <ClCompile Include="Mesh.cpp">
      <Filter>GameEngine\GraphicsEngine\ResourceManager\MeshManager</Filter>
    </ClCompile>
    <ClCompile Include="CameraSystem.cpp">
      <Filter>GameEngine\GraphicsEngine\CameraSystem</Filter>
    </ClCompile>
    <ClCompile Include="Camera.cpp">
      <Filter>GameEngine\GraphicsEngine\CameraSystem</Filter>
    </ClCompile>
    <ClCompile Include="AlphaBlendState.cpp">
      <Filter>GameEngine\GraphicsEngine\RenderSystem\AlphaBlendState</Filter>
    </ClCompile>
    <ClCompile Include="QuadTransitionColor.cpp">
      <Filter>GameEngine\GraphicsEngine\Primitives\Quad</Filter>
    </ClCompile>
    <ClCompile Include="VertexColorBuffer.cpp">
      <Filter>GameEngine\GraphicsEngine\RenderSystem\VertexBuffer</Filter>
    </ClCompile>
    <ClCompile Include="EngineTime.cpp">
      <Filter>GameEngine\GraphicsEngine\EngineTime</Filter>
    </ClCompile>
    <ClCompile Include="AGameObject.cpp">
      <Filter>GameEngine\GraphicsEngine\Primitives</Filter>
    </ClCompile>
    <ClCompile Include="Cube.cpp">
      <Filter>GameEngine\GraphicsEngine\Primitives\Cube</Filter>
    </ClCompile>
    <ClCompile Include="MathUtils.cpp">
      <Filter>GameEngine\Utils\MathUtils</Filter>
    </ClCompile>
    <ClCompile Include="Plane.cpp">
      <Filter>GameEngine\GraphicsEngine\Primitives\Plane</Filter>
    </ClCompile>
    <ClCompile Include="AUIScreen.cpp">
      <Filter>GameEngine\UIManager\UIScreens</Filter>
    </ClCompile>
    <ClCompile Include="CreditsScreen.cpp">
      <Filter>GameEngine\UIManager\UIScreens\CreditsScreen</Filter>
    </ClCompile>
    <ClCompile Include="MenuBarScreen.cpp">
      <Filter>GameEngine\UIManager\UIScreens\MenuBarScreen</Filter>
    </ClCompile>
    <ClCompile Include="ColorPickerScreen.cpp">
      <Filter>GameEngine\UIManager\UIScreens\ColorPickerScreen</Filter>
    </ClCompile>
    <ClCompile Include="UIManager.cpp">
      <Filter>GameEngine\UIManager</Filter>
    </ClCompile>
    <ClCompile Include="ViewportScreen.cpp">
      <Filter>GameEngine\UIManager\UIScreens\ViewportScreen</Filter>
    </ClCompile>
    <ClCompile Include="RenderTexture.cpp">
      <Filter>GameEngine\GraphicsEngine\RenderSystem\RenderTexture</Filter>
    </ClCompile>
    <ClCompile Include="Libs\ImGui\imgui.cpp">
      <Filter>GameEngine\ImGui</Filter>
    </ClCompile>
    <ClCompile Include="Libs\ImGui\imgui_draw.cpp">
      <Filter>GameEngine\ImGui</Filter>
    </ClCompile>
    <ClCompile Include="Libs\ImGui\imgui_impl_dx11.cpp">
      <Filter>GameEngine\ImGui</Filter>
    </ClCompile>
    <ClCompile Include="Libs\ImGui\imgui_impl_win32.cpp">
      <Filter>GameEngine\ImGui</Filter>
    </ClCompile>
    <ClCompile Include="Libs\ImGui\imgui_tables.cpp">
      <Filter>GameEngine\ImGui</Filter>
    </ClCompile>
    <ClCompile Include="Libs\ImGui\imgui_widgets.cpp">
      <Filter>GameEngine\ImGui</Filter>
    </ClCompile>
    <ClCompile Include="ObjectHeirarchy.cpp">
      <Filter>GameEngine\UIManager\UIScreens\SceneHeirarchy</Filter>
    </ClCompile>
    <ClCompile Include="InspectorScreen.cpp" />
    <ClCompile Include="LightingToggle.cpp">
      <Filter>GameEngine\UIManager\UIScreens\LightingToggle</Filter>
    </ClCompile>
  </ItemGroup>
  <ItemGroup>
    <ClInclude Include="AppWindow.h">
      <Filter>App</Filter>
    </ClInclude>
    <ClInclude Include="Window.h">
      <Filter>GameEngine\WindowingSystem</Filter>
    </ClInclude>
    <ClInclude Include="GraphicsEngine.h">
      <Filter>GameEngine\GraphicsEngine</Filter>
    </ClInclude>
    <ClInclude Include="SwapChain.h">
      <Filter>GameEngine\GraphicsEngine\RenderSystem\SwapChain</Filter>
    </ClInclude>
    <ClInclude Include="DeviceContext.h">
      <Filter>GameEngine\GraphicsEngine\RenderSystem\DeviceContext</Filter>
    </ClInclude>
    <ClInclude Include="VertexBuffer.h">
      <Filter>GameEngine\GraphicsEngine\RenderSystem\VertexBuffer</Filter>
    </ClInclude>
    <ClInclude Include="VertexShader.h">
      <Filter>GameEngine\GraphicsEngine\RenderSystem\VertexShader</Filter>
    </ClInclude>
    <ClInclude Include="PixelShader.h">
      <Filter>GameEngine\GraphicsEngine\RenderSystem\PixelShader</Filter>
    </ClInclude>
    <ClInclude Include="ConstantBuffer.h">
      <Filter>GameEngine\GraphicsEngine\RenderSystem\ConstantBuffer</Filter>
    </ClInclude>
    <ClInclude Include="Vector3D.h">
      <Filter>GameEngine\Math</Filter>
    </ClInclude>
    <ClInclude Include="Matrix4x4.h">
      <Filter>GameEngine\Math</Filter>
    </ClInclude>
    <ClInclude Include="IndexBuffer.h">
      <Filter>GameEngine\GraphicsEngine\RenderSystem\IndexBuffer</Filter>
    </ClInclude>
    <ClInclude Include="InputSystem.h">
      <Filter>GameEngine\InputSystem</Filter>
    </ClInclude>
    <ClInclude Include="InputListener.h">
      <Filter>GameEngine\InputSystem</Filter>
    </ClInclude>
    <ClInclude Include="Point.h">
      <Filter>GameEngine\Math</Filter>
    </ClInclude>
    <ClInclude Include="Vector4D.h">
      <Filter>GameEngine\Math</Filter>
    </ClInclude>
    <ClInclude Include="RenderSystem.h">
      <Filter>GameEngine\GraphicsEngine\RenderSystem</Filter>
    </ClInclude>
    <ClInclude Include="Prerequisites.h">
      <Filter>GameEngine\GraphicsEngine</Filter>
    </ClInclude>
    <ClInclude Include="Quad.h">
      <Filter>GameEngine\GraphicsEngine\Primitives\Quad</Filter>
    </ClInclude>
    <ClInclude Include="Vertex.h">
      <Filter>GameEngine\Math</Filter>
    </ClInclude>
    <ClInclude Include="ResourceManager.h">
      <Filter>GameEngine\GraphicsEngine\ResourceManager</Filter>
    </ClInclude>
    <ClInclude Include="Resource.h">
      <Filter>GameEngine\GraphicsEngine\ResourceManager</Filter>
    </ClInclude>
    <ClInclude Include="TextureManager.h">
      <Filter>GameEngine\GraphicsEngine\ResourceManager\TextureManager</Filter>
    </ClInclude>
    <ClInclude Include="Texture.h">
      <Filter>GameEngine\GraphicsEngine\ResourceManager\TextureManager</Filter>
    </ClInclude>
    <ClInclude Include="Vector2D.h">
      <Filter>GameEngine\Math</Filter>
    </ClInclude>
    <ClInclude Include="MeshManager.h">
      <Filter>GameEngine\GraphicsEngine\ResourceManager\MeshManager</Filter>
    </ClInclude>
    <ClInclude Include="Mesh.h">
      <Filter>GameEngine\GraphicsEngine\ResourceManager\MeshManager</Filter>
    </ClInclude>
    <ClInclude Include="VertexMesh.h">
      <Filter>GameEngine\Math</Filter>
    </ClInclude>
    <ClInclude Include="CameraSystem.h">
      <Filter>GameEngine\GraphicsEngine\CameraSystem</Filter>
    </ClInclude>
    <ClInclude Include="Camera.h">
      <Filter>GameEngine\GraphicsEngine\CameraSystem</Filter>
    </ClInclude>
    <ClInclude Include="AlphaBlendState.h">
      <Filter>GameEngine\GraphicsEngine\RenderSystem\AlphaBlendState</Filter>
    </ClInclude>
    <ClInclude Include="ConstantData.h">
      <Filter>GameEngine\GraphicsEngine\RenderSystem\ConstantBuffer</Filter>
    </ClInclude>
    <ClInclude Include="QuadTransitionColor.h">
      <Filter>GameEngine\GraphicsEngine\Primitives\Quad</Filter>
    </ClInclude>
    <ClInclude Include="VertexColorBuffer.h">
      <Filter>GameEngine\GraphicsEngine\RenderSystem\VertexBuffer</Filter>
    </ClInclude>
    <ClInclude Include="EngineTime.h">
      <Filter>GameEngine\GraphicsEngine\EngineTime</Filter>
    </ClInclude>
    <ClInclude Include="AGameObject.h">
      <Filter>GameEngine\GraphicsEngine\Primitives</Filter>
    </ClInclude>
    <ClInclude Include="Cube.h">
      <Filter>GameEngine\GraphicsEngine\Primitives\Cube</Filter>
    </ClInclude>
    <ClInclude Include="MathUtils.h">
      <Filter>GameEngine\Utils\MathUtils</Filter>
    </ClInclude>
    <ClInclude Include="Plane.h">
      <Filter>GameEngine\GraphicsEngine\Primitives\Plane</Filter>
    </ClInclude>
    <ClInclude Include="UIManager.h">
      <Filter>GameEngine\UIManager</Filter>
    </ClInclude>
    <ClInclude Include="AUIScreen.h">
      <Filter>GameEngine\UIManager\UIScreens</Filter>
    </ClInclude>
    <ClInclude Include="CreditsScreen.h">
      <Filter>GameEngine\UIManager\UIScreens\CreditsScreen</Filter>
    </ClInclude>
    <ClInclude Include="MenuBarScreen.h">
      <Filter>GameEngine\UIManager\UIScreens\MenuBarScreen</Filter>
    </ClInclude>
    <ClInclude Include="ColorPickerScreen.h">
      <Filter>GameEngine\UIManager\UIScreens\ColorPickerScreen</Filter>
    </ClInclude>
    <ClInclude Include="ViewportScreen.h">
      <Filter>GameEngine\UIManager\UIScreens\ViewportScreen</Filter>
    </ClInclude>
    <ClInclude Include="RenderTexture.h">
      <Filter>GameEngine\GraphicsEngine\RenderSystem\RenderTexture</Filter>
    </ClInclude>
    <ClInclude Include="Libs\ImGui\imconfig.h">
      <Filter>GameEngine\ImGui</Filter>
    </ClInclude>
    <ClInclude Include="Libs\ImGui\imgui.h">
      <Filter>GameEngine\ImGui</Filter>
    </ClInclude>
    <ClInclude Include="Libs\ImGui\imgui_impl_dx11.h">
      <Filter>GameEngine\ImGui</Filter>
    </ClInclude>
    <ClInclude Include="Libs\ImGui\imgui_impl_win32.h">
      <Filter>GameEngine\ImGui</Filter>
    </ClInclude>
    <ClInclude Include="Libs\ImGui\imgui_internal.h">
      <Filter>GameEngine\ImGui</Filter>
    </ClInclude>
    <ClInclude Include="Libs\ImGui\imstb_rectpack.h">
      <Filter>GameEngine\ImGui</Filter>
    </ClInclude>
    <ClInclude Include="Libs\ImGui\imstb_textedit.h">
      <Filter>GameEngine\ImGui</Filter>
    </ClInclude>
    <ClInclude Include="Libs\ImGui\imstb_truetype.h">
      <Filter>GameEngine\ImGui</Filter>
    </ClInclude>
    <ClInclude Include="ObjectHeirarchy.h">
      <Filter>GameEngine\UIManager\UIScreens\SceneHeirarchy</Filter>
    </ClInclude>
    <ClInclude Include="InspectorScreen.h" />
    <ClInclude Include="LightingToggle.h">
      <Filter>GameEngine\UIManager\UIScreens\LightingToggle</Filter>
    </ClInclude>
  </ItemGroup>
  <ItemGroup>
    <FxCompile Include="PixelGizmoShader.hlsl">
      <Filter>GameEngine\Shaders</Filter>
    </FxCompile>
    <FxCompile Include="PixelShader.hlsl">
      <Filter>GameEngine\Shaders</Filter>
    </FxCompile>
    <FxCompile Include="PixelTransitionColorShader.hlsl">
      <Filter>GameEngine\Shaders</Filter>
    </FxCompile>
    <FxCompile Include="VertexMeshLayoutShader.hlsl">
      <Filter>GameEngine\Shaders</Filter>
    </FxCompile>
    <FxCompile Include="VertexShader.hlsl">
      <Filter>GameEngine\Shaders</Filter>
    </FxCompile>
    <FxCompile Include="VertexTransitionColorShader.hlsl">
      <Filter>GameEngine\Shaders</Filter>
    </FxCompile>
  </ItemGroup>
</Project>